
Microsoft Visual Studio Solution File, Format Version 12.00
# Visual Studio Version 16
VisualStudioVersion = 16.0.30011.22
MinimumVisualStudioVersion = 10.0.40219.1
Project("{FAE04EC0-301F-11D3-BF4B-00C04F79EFBC}") = "HelloPam.BO", "HelloPam.BO\HelloPam.BO.csproj", "{EC258F30-B968-40F6-B4DE-F6ACC11E59C0}"
EndProject
Project("{FAE04EC0-301F-11D3-BF4B-00C04F79EFBC}") = "HelloPam.DAL", "HelloPam.DAL\HelloPam.DAL.csproj", "{5EE46312-CCBC-4528-A8AB-CED2725C9479}"
EndProject
Project("{FAE04EC0-301F-11D3-BF4B-00C04F79EFBC}") = "HelloPam.BLL", "HelloPam.BLL\HelloPam.BLL.csproj", "{B4462A6E-0F90-43CE-9792-6A53A5E3D7AB}"
EndProject
Global
	GlobalSection(SolutionConfigurationPlatforms) = preSolution
		Debug|Any CPU = Debug|Any CPU
		Release|Any CPU = Release|Any CPU
	EndGlobalSection
	GlobalSection(ProjectConfigurationPlatforms) = postSolution
		{EC258F30-B968-40F6-B4DE-F6ACC11E59C0}.Debug|Any CPU.ActiveCfg = Debug|Any CPU
		{EC258F30-B968-40F6-B4DE-F6ACC11E59C0}.Debug|Any CPU.Build.0 = Debug|Any CPU
		{EC258F30-B968-40F6-B4DE-F6ACC11E59C0}.Release|Any CPU.ActiveCfg = Release|Any CPU
		{EC258F30-B968-40F6-B4DE-F6ACC11E59C0}.Release|Any CPU.Build.0 = Release|Any CPU
		{5EE46312-CCBC-4528-A8AB-CED2725C9479}.Debug|Any CPU.ActiveCfg = Debug|Any CPU
		{5EE46312-CCBC-4528-A8AB-CED2725C9479}.Debug|Any CPU.Build.0 = Debug|Any CPU
		{5EE46312-CCBC-4528-A8AB-CED2725C9479}.Release|Any CPU.ActiveCfg = Release|Any CPU
		{5EE46312-CCBC-4528-A8AB-CED2725C9479}.Release|Any CPU.Build.0 = Release|Any CPU
		{B4462A6E-0F90-43CE-9792-6A53A5E3D7AB}.Debug|Any CPU.ActiveCfg = Debug|Any CPU
		{B4462A6E-0F90-43CE-9792-6A53A5E3D7AB}.Debug|Any CPU.Build.0 = Debug|Any CPU
		{B4462A6E-0F90-43CE-9792-6A53A5E3D7AB}.Release|Any CPU.ActiveCfg = Release|Any CPU
		{B4462A6E-0F90-43CE-9792-6A53A5E3D7AB}.Release|Any CPU.Build.0 = Release|Any CPU
	EndGlobalSection
	GlobalSection(SolutionProperties) = preSolution
		HideSolutionNode = FALSE
	EndGlobalSection
	GlobalSection(ExtensibilityGlobals) = postSolution
		SolutionGuid = {099C5EF1-0A08-4DFF-9756-0E5317413915}
	EndGlobalSection
EndGlobal
